
Microsoft Visual Studio Solution File, Format Version 12.00
# Visual Studio Version 17
VisualStudioVersion = 17.8.34330.188
MinimumVisualStudioVersion = 10.0.40219.1
Project("{FAE04EC0-301F-11D3-BF4B-00C04F79EFBC}") = "WS_ACTUALIZA_REFERENCIAS_PERSONALES", "WS_ACTUALIZA_REFERENCIAS_PERSONALES\WS_ACTUALIZA_REFERENCIAS_PERSONALES.csproj", "{D6DA97C6-17F4-4FB8-9FA8-DE8BDF6D5AC2}"
EndProject
Project("{2150E333-8FDC-42A3-9474-1A3956D46DE8}") = "DataAccess", "DataAccess", "{934DCDD7-8739-4562-A7EF-9686D75BE150}"
EndProject
Project("{FAE04EC0-301F-11D3-BF4B-00C04F79EFBC}") = "BCP.Business.DataAccess", "BCP.Business.DataAccess\BCP.Business.DataAccess.csproj", "{73F2EADD-59FE-4994-A74A-7AF958DF34B1}"
EndProject
Project("{2150E333-8FDC-42A3-9474-1A3956D46DE8}") = "Framework", "Framework", "{3CFA0256-CE21-4A87-AA5C-91C96C793DCD}"
EndProject
Project("{FAE04EC0-301F-11D3-BF4B-00C04F79EFBC}") = "BCP.Framework", "BCP.Framework\BCP.Framework.csproj", "{4089CD48-13AA-4FBA-8090-21FBBB4866C4}"
EndProject
Project("{2150E333-8FDC-42A3-9474-1A3956D46DE8}") = "Logs", "Logs", "{ADB43C72-0660-473E-875A-3D7AB1DB99B2}"
EndProject
Project("{FAE04EC0-301F-11D3-BF4B-00C04F79EFBC}") = "BCP.Framework.Logs", "BCP.Framework.Logs\BCP.Framework.Logs.csproj", "{C8A49524-1768-483B-AC35-2510DE0F1641}"
EndProject
Project("{FAE04EC0-301F-11D3-BF4B-00C04F79EFBC}") = "BCP.Business.Models", "BCP.Business.Models\BCP.Business.Models.csproj", "{4C911B6C-BDBB-4891-A039-EC1D2AB76A17}"
EndProject
Project("{2150E333-8FDC-42A3-9474-1A3956D46DE8}") = "Models", "Models", "{ACB9BD5F-2682-4106-A93E-3903722757EB}"
EndProject
Project("{2150E333-8FDC-42A3-9474-1A3956D46DE8}") = "Security", "Security", "{F42F391F-AE6F-4EA3-BD2A-0987AA8685A1}"
EndProject
Project("{FAE04EC0-301F-11D3-BF4B-00C04F79EFBC}") = "BCP.Framework.Security", "BCP.Framework.Security\BCP.Framework.Security.csproj", "{6D2C8613-138A-4722-B14E-A12037BA75EF}"
EndProject
Project("{2150E333-8FDC-42A3-9474-1A3956D46DE8}") = "Connectors", "Connectors", "{877A550F-0A68-4C37-8F76-5427D27A9B44}"
EndProject
Project("{FAE04EC0-301F-11D3-BF4B-00C04F79EFBC}") = "BCP.Business.Connector.Email", "BCP.Business.Connector.Email\BCP.Business.Connector.Email.csproj", "{411DA728-0444-41C4-84FF-063D5034F646}"
EndProject
Project("{FAE04EC0-301F-11D3-BF4B-00C04F79EFBC}") = "BCP.Business.Connector.Infocliente", "BCP.Business.Connector.Infocliente\BCP.Business.Connector.Infocliente.csproj", "{EBA381C8-75B8-408C-9289-3FA5EE25E02C}"
EndProject
Global
	GlobalSection(SolutionConfigurationPlatforms) = preSolution
		Debug|Any CPU = Debug|Any CPU
		Release|Any CPU = Release|Any CPU
	EndGlobalSection
	GlobalSection(ProjectConfigurationPlatforms) = postSolution
		{D6DA97C6-17F4-4FB8-9FA8-DE8BDF6D5AC2}.Debug|Any CPU.ActiveCfg = Debug|Any CPU
		{D6DA97C6-17F4-4FB8-9FA8-DE8BDF6D5AC2}.Debug|Any CPU.Build.0 = Debug|Any CPU
		{D6DA97C6-17F4-4FB8-9FA8-DE8BDF6D5AC2}.Release|Any CPU.ActiveCfg = Release|Any CPU
		{D6DA97C6-17F4-4FB8-9FA8-DE8BDF6D5AC2}.Release|Any CPU.Build.0 = Release|Any CPU
		{73F2EADD-59FE-4994-A74A-7AF958DF34B1}.Debug|Any CPU.ActiveCfg = Debug|Any CPU
		{73F2EADD-59FE-4994-A74A-7AF958DF34B1}.Debug|Any CPU.Build.0 = Debug|Any CPU
		{73F2EADD-59FE-4994-A74A-7AF958DF34B1}.Release|Any CPU.ActiveCfg = Release|Any CPU
		{73F2EADD-59FE-4994-A74A-7AF958DF34B1}.Release|Any CPU.Build.0 = Release|Any CPU
		{4089CD48-13AA-4FBA-8090-21FBBB4866C4}.Debug|Any CPU.ActiveCfg = Debug|Any CPU
		{4089CD48-13AA-4FBA-8090-21FBBB4866C4}.Debug|Any CPU.Build.0 = Debug|Any CPU
		{4089CD48-13AA-4FBA-8090-21FBBB4866C4}.Release|Any CPU.ActiveCfg = Release|Any CPU
		{4089CD48-13AA-4FBA-8090-21FBBB4866C4}.Release|Any CPU.Build.0 = Release|Any CPU
		{C8A49524-1768-483B-AC35-2510DE0F1641}.Debug|Any CPU.ActiveCfg = Debug|Any CPU
		{C8A49524-1768-483B-AC35-2510DE0F1641}.Debug|Any CPU.Build.0 = Debug|Any CPU
		{C8A49524-1768-483B-AC35-2510DE0F1641}.Release|Any CPU.ActiveCfg = Release|Any CPU
		{C8A49524-1768-483B-AC35-2510DE0F1641}.Release|Any CPU.Build.0 = Release|Any CPU
		{4C911B6C-BDBB-4891-A039-EC1D2AB76A17}.Debug|Any CPU.ActiveCfg = Debug|Any CPU
		{4C911B6C-BDBB-4891-A039-EC1D2AB76A17}.Debug|Any CPU.Build.0 = Debug|Any CPU
		{4C911B6C-BDBB-4891-A039-EC1D2AB76A17}.Release|Any CPU.ActiveCfg = Release|Any CPU
		{4C911B6C-BDBB-4891-A039-EC1D2AB76A17}.Release|Any CPU.Build.0 = Release|Any CPU
		{6D2C8613-138A-4722-B14E-A12037BA75EF}.Debug|Any CPU.ActiveCfg = Debug|Any CPU
		{6D2C8613-138A-4722-B14E-A12037BA75EF}.Debug|Any CPU.Build.0 = Debug|Any CPU
		{6D2C8613-138A-4722-B14E-A12037BA75EF}.Release|Any CPU.ActiveCfg = Release|Any CPU
		{6D2C8613-138A-4722-B14E-A12037BA75EF}.Release|Any CPU.Build.0 = Release|Any CPU
		{411DA728-0444-41C4-84FF-063D5034F646}.Debug|Any CPU.ActiveCfg = Debug|Any CPU
		{411DA728-0444-41C4-84FF-063D5034F646}.Debug|Any CPU.Build.0 = Debug|Any CPU
		{411DA728-0444-41C4-84FF-063D5034F646}.Release|Any CPU.ActiveCfg = Release|Any CPU
		{411DA728-0444-41C4-84FF-063D5034F646}.Release|Any CPU.Build.0 = Release|Any CPU
		{EBA381C8-75B8-408C-9289-3FA5EE25E02C}.Debug|Any CPU.ActiveCfg = Debug|Any CPU
		{EBA381C8-75B8-408C-9289-3FA5EE25E02C}.Debug|Any CPU.Build.0 = Debug|Any CPU
		{EBA381C8-75B8-408C-9289-3FA5EE25E02C}.Release|Any CPU.ActiveCfg = Release|Any CPU
		{EBA381C8-75B8-408C-9289-3FA5EE25E02C}.Release|Any CPU.Build.0 = Release|Any CPU
	EndGlobalSection
	GlobalSection(SolutionProperties) = preSolution
		HideSolutionNode = FALSE
	EndGlobalSection
	GlobalSection(NestedProjects) = preSolution
		{73F2EADD-59FE-4994-A74A-7AF958DF34B1} = {934DCDD7-8739-4562-A7EF-9686D75BE150}
		{4089CD48-13AA-4FBA-8090-21FBBB4866C4} = {3CFA0256-CE21-4A87-AA5C-91C96C793DCD}
		{C8A49524-1768-483B-AC35-2510DE0F1641} = {ADB43C72-0660-473E-875A-3D7AB1DB99B2}
		{4C911B6C-BDBB-4891-A039-EC1D2AB76A17} = {ACB9BD5F-2682-4106-A93E-3903722757EB}
		{6D2C8613-138A-4722-B14E-A12037BA75EF} = {F42F391F-AE6F-4EA3-BD2A-0987AA8685A1}
		{411DA728-0444-41C4-84FF-063D5034F646} = {877A550F-0A68-4C37-8F76-5427D27A9B44}
		{EBA381C8-75B8-408C-9289-3FA5EE25E02C} = {877A550F-0A68-4C37-8F76-5427D27A9B44}
	EndGlobalSection
	GlobalSection(ExtensibilityGlobals) = postSolution
		SolutionGuid = {8361B912-3AE5-4DB6-8851-2055ABD95EE7}
	EndGlobalSection
EndGlobal
